// !$*UTF8*$!
{
	archiveVersion = 1;
	classes = {
	};
	objectVersion = 50;
	objects = {

/* Begin PBXBuildFile section */
		EAAEA3DB26814A96008A0A4A /* AppDelegate.swift in Sources */ = {isa = PBXBuildFile; fileRef = EAAEA3DA26814A96008A0A4A /* AppDelegate.swift */; };
		EAAEA3DD26814A97008A0A4A /* SceneDelegate.swift in Sources */ = {isa = PBXBuildFile; fileRef = EAAEA3DC26814A97008A0A4A /* SceneDelegate.swift */; };
		EAAEA3DF26814A97008A0A4A /* RootViewController.swift in Sources */ = {isa = PBXBuildFile; fileRef = EAAEA3DE26814A97008A0A4A /* RootViewController.swift */; };
		EAAEA3E226814A97008A0A4A /* Main.storyboard in Resources */ = {isa = PBXBuildFile; fileRef = EAAEA3E026814A97008A0A4A /* Main.storyboard */; };
		EAAEA3E426814A9B008A0A4A /* Assets.xcassets in Resources */ = {isa = PBXBuildFile; fileRef = EAAEA3E326814A9B008A0A4A /* Assets.xcassets */; };
		EAAEA3E726814A9B008A0A4A /* LaunchScreen.storyboard in Resources */ = {isa = PBXBuildFile; fileRef = EAAEA3E526814A9B008A0A4A /* LaunchScreen.storyboard */; };
		EAAEA3F026814B90008A0A4A /* ModalViewController.swift in Sources */ = {isa = PBXBuildFile; fileRef = EAAEA3EF26814B90008A0A4A /* ModalViewController.swift */; };
		EAAEA40C268A8B3B008A0A4A /* Info.plist in Resources */ = {isa = PBXBuildFile; fileRef = EAAEA40B268A8B3B008A0A4A /* Info.plist */; };
/* End PBXBuildFile section */

/* Begin PBXFileReference section */
		EAAEA3D726814A96008A0A4A /* Task9.app */ = {isa = PBXFileReference; explicitFileType = wrapper.application; includeInIndex = 0; path = Task9.app; sourceTree = BUILT_PRODUCTS_DIR; };
		EAAEA3DA26814A96008A0A4A /* AppDelegate.swift */ = {isa = PBXFileReference; lastKnownFileType = sourcecode.swift; path = AppDelegate.swift; sourceTree = "<group>"; };
		EAAEA3DC26814A97008A0A4A /* SceneDelegate.swift */ = {isa = PBXFileReference; lastKnownFileType = sourcecode.swift; path = SceneDelegate.swift; sourceTree = "<group>"; };
		EAAEA3DE26814A97008A0A4A /* RootViewController.swift */ = {isa = PBXFileReference; lastKnownFileType = sourcecode.swift; path = RootViewController.swift; sourceTree = "<group>"; };
		EAAEA3E126814A97008A0A4A /* Base */ = {isa = PBXFileReference; lastKnownFileType = file.storyboard; name = Base; path = Base.lproj/Main.storyboard; sourceTree = "<group>"; };
		EAAEA3E326814A9B008A0A4A /* Assets.xcassets */ = {isa = PBXFileReference; lastKnownFileType = folder.assetcatalog; path = Assets.xcassets; sourceTree = "<group>"; };
		EAAEA3E626814A9B008A0A4A /* Base */ = {isa = PBXFileReference; lastKnownFileType = file.storyboard; name = Base; path = Base.lproj/LaunchScreen.storyboard; sourceTree = "<group>"; };
		EAAEA3EF26814B90008A0A4A /* ModalViewController.swift */ = {isa = PBXFileReference; lastKnownFileType = sourcecode.swift; path = ModalViewController.swift; sourceTree = "<group>"; };
		EAAEA40B268A8B3B008A0A4A /* Info.plist */ = {isa = PBXFileReference; fileEncoding = 4; lastKnownFileType = text.plist.xml; path = Info.plist; sourceTree = "<group>"; };
/* End PBXFileReference section */

/* Begin PBXFrameworksBuildPhase section */
		EAAEA3D426814A96008A0A4A /* Frameworks */ = {
			isa = PBXFrameworksBuildPhase;
			buildActionMask = 2147483647;
			files = (
			);
			runOnlyForDeploymentPostprocessing = 0;
		};
/* End PBXFrameworksBuildPhase section */

/* Begin PBXGroup section */
		EAAEA3CE26814A96008A0A4A = {
			isa = PBXGroup;
			children = (
				EAAEA3D926814A96008A0A4A /* Task9 */,
				EAAEA3D826814A96008A0A4A /* Products */,
			);
			sourceTree = "<group>";
		};
		EAAEA3D826814A96008A0A4A /* Products */ = {
			isa = PBXGroup;
			children = (
				EAAEA3D726814A96008A0A4A /* Task9.app */,
			);
			name = Products;
			sourceTree = "<group>";
		};
		EAAEA3D926814A96008A0A4A /* Task9 */ = {
			isa = PBXGroup;
			children = (
				EAAEA3DA26814A96008A0A4A /* AppDelegate.swift */,
				EAAEA3DC26814A97008A0A4A /* SceneDelegate.swift */,
				EAAEA3DE26814A97008A0A4A /* RootViewController.swift */,
				EAAEA3EF26814B90008A0A4A /* ModalViewController.swift */,
				EAAEA40B268A8B3B008A0A4A /* Info.plist */,
				EAAEA3E026814A97008A0A4A /* Main.storyboard */,
				EAAEA3E326814A9B008A0A4A /* Assets.xcassets */,
				EAAEA3E526814A9B008A0A4A /* LaunchScreen.storyboard */,
			);
			path = Task9;
			sourceTree = "<group>";
		};
/* End PBXGroup section */

/* Begin PBXNativeTarget section */
		EAAEA3D626814A96008A0A4A /* Task9 */ = {
			isa = PBXNativeTarget;
			buildConfigurationList = EAAEA3EB26814A9B008A0A4A /* Build configuration list for PBXNativeTarget "Task9" */;
			buildPhases = (
				EAAEA3D326814A96008A0A4A /* Sources */,
				EAAEA3D426814A96008A0A4A /* Frameworks */,
				EAAEA3D526814A96008A0A4A /* Resources */,
				EAAEA43326904819008A0A4A /* ShellScript */,
			);
			buildRules = (
			);
			dependencies = (
			);
			name = Task9;
			productName = Task9;
			productReference = EAAEA3D726814A96008A0A4A /* Task9.app */;
			productType = "com.apple.product-type.application";
		};
/* End PBXNativeTarget section */

/* Begin PBXProject section */
		EAAEA3CF26814A96008A0A4A /* Project object */ = {
			isa = PBXProject;
			attributes = {
				LastSwiftUpdateCheck = 1240;
				LastUpgradeCheck = 1240;
				TargetAttributes = {
					EAAEA3D626814A96008A0A4A = {
						CreatedOnToolsVersion = 12.4;
					};
				};
			};
			buildConfigurationList = EAAEA3D226814A96008A0A4A /* Build configuration list for PBXProject "Task9" */;
			compatibilityVersion = "Xcode 9.3";
			developmentRegion = en;
			hasScannedForEncodings = 0;
			knownRegions = (
				en,
				Base,
			);
			mainGroup = EAAEA3CE26814A96008A0A4A;
			productRefGroup = EAAEA3D826814A96008A0A4A /* Products */;
			projectDirPath = "";
			projectRoot = "";
			targets = (
				EAAEA3D626814A96008A0A4A /* Task9 */,
			);
		};
/* End PBXProject section */

/* Begin PBXResourcesBuildPhase section */
		EAAEA3D526814A96008A0A4A /* Resources */ = {
			isa = PBXResourcesBuildPhase;
			buildActionMask = 2147483647;
			files = (
				EAAEA40C268A8B3B008A0A4A /* Info.plist in Resources */,
				EAAEA3E726814A9B008A0A4A /* LaunchScreen.storyboard in Resources */,
				EAAEA3E426814A9B008A0A4A /* Assets.xcassets in Resources */,
				EAAEA3E226814A97008A0A4A /* Main.storyboard in Resources */,
			);
			runOnlyForDeploymentPostprocessing = 0;
		};
/* End PBXResourcesBuildPhase section */

/* Begin PBXShellScriptBuildPhase section */
		EAAEA43326904819008A0A4A /* ShellScript */ = {
			isa = PBXShellScriptBuildPhase;
			buildActionMask = 2147483647;
			files = (
			);
			inputFileListPaths = (
			);
			inputPaths = (
			);
			outputFileListPaths = (
			);
			outputPaths = (
			);
			runOnlyForDeploymentPostprocessing = 0;
			shellPath = /bin/sh;
			shellScript = "# Type a script or drag a script file from your workspace to insert its path.\nif which swiftlint >/dev/null; then\n  swiftlint\nelse\n  echo \"SwiftLint does not exist, download from https://github.com/realm/SwiftLint\"\nfi\n";
		};
/* End PBXShellScriptBuildPhase section */

/* Begin PBXSourcesBuildPhase section */
		EAAEA3D326814A96008A0A4A /* Sources */ = {
			isa = PBXSourcesBuildPhase;
			buildActionMask = 2147483647;
			files = (
				EAAEA3F026814B90008A0A4A /* ModalViewController.swift in Sources */,
				EAAEA3DF26814A97008A0A4A /* RootViewController.swift in Sources */,
				EAAEA3DB26814A96008A0A4A /* AppDelegate.swift in Sources */,
				EAAEA3DD26814A97008A0A4A /* SceneDelegate.swift in Sources */,
			);
			runOnlyForDeploymentPostprocessing = 0;
		};
/* End PBXSourcesBuildPhase section */

/* Begin PBXVariantGroup section */
		EAAEA3E026814A97008A0A4A /* Main.storyboard */ = {
			isa = PBXVariantGroup;
			children = (
				EAAEA3E126814A97008A0A4A /* Base */,
			);
			name = Main.storyboard;
			sourceTree = "<group>";
		};
		EAAEA3E526814A9B008A0A4A /* LaunchScreen.storyboard */ = {
			isa = PBXVariantGroup;
			children = (
				EAAEA3E626814A9B008A0A4A /* Base */,
			);
			name = LaunchScreen.storyboard;
			sourceTree = "<group>";
		};
/* End PBXVariantGroup section */

/* Begin XCBuildConfiguration section */
		EAAEA3E926814A9B008A0A4A /* Debug */ = {
			isa = XCBuildConfiguration;
			buildSettings = {
				ALWAYS_SEARCH_USER_PATHS = NO;
				CLANG_ANALYZER_NONNULL = YES;
				CLANG_ANALYZER_NUMBER_OBJECT_CONVERSION = YES_AGGRESSIVE;
				CLANG_CXX_LANGUAGE_STANDARD = "gnu++14";
				CLANG_CXX_LIBRARY = "libc++";
				CLANG_ENABLE_MODULES = YES;
				CLANG_ENABLE_OBJC_ARC = YES;
				CLANG_ENABLE_OBJC_WEAK = YES;
				CLANG_WARN_BLOCK_CAPTURE_AUTORELEASING = YES;
				CLANG_WARN_BOOL_CONVERSION = YES;
				CLANG_WARN_COMMA = YES;
				CLANG_WARN_CONSTANT_CONVERSION = YES;
				CLANG_WARN_DEPRECATED_OBJC_IMPLEMENTATIONS = YES;
				CLANG_WARN_DIRECT_OBJC_ISA_USAGE = YES_ERROR;
				CLANG_WARN_DOCUMENTATION_COMMENTS = YES;
				CLANG_WARN_EMPTY_BODY = YES;
				CLANG_WARN_ENUM_CONVERSION = YES;
				CLANG_WARN_INFINITE_RECURSION = YES;
				CLANG_WARN_INT_CONVERSION = YES;
				CLANG_WARN_NON_LITERAL_NULL_CONVERSION = YES;
				CLANG_WARN_OBJC_IMPLICIT_RETAIN_SELF = YES;
				CLANG_WARN_OBJC_LITERAL_CONVERSION = YES;
				CLANG_WARN_OBJC_ROOT_CLASS = YES_ERROR;
				CLANG_WARN_QUOTED_INCLUDE_IN_FRAMEWORK_HEADER = YES;
				CLANG_WARN_RANGE_LOOP_ANALYSIS = YES;
				CLANG_WARN_STRICT_PROTOTYPES = YES;
				CLANG_WARN_SUSPICIOUS_MOVE = YES;
				CLANG_WARN_UNGUARDED_AVAILABILITY = YES_AGGRESSIVE;
				CLANG_WARN_UNREACHABLE_CODE = YES;
				CLANG_WARN__DUPLICATE_METHOD_MATCH = YES;
				COPY_PHASE_STRIP = NO;
				DEBUG_INFORMATION_FORMAT = dwarf;
				ENABLE_STRICT_OBJC_MSGSEND = YES;
				ENABLE_TESTABILITY = YES;
				GCC_C_LANGUAGE_STANDARD = gnu11;
				GCC_DYNAMIC_NO_PIC = NO;
				GCC_NO_COMMON_BLOCKS = YES;
				GCC_OPTIMIZATION_LEVEL = 0;
				GCC_PREPROCESSOR_DEFINITIONS = (
					"DEBUG=1",
					"$(inherited)",
				);
				GCC_WARN_64_TO_32_BIT_CONVERSION = YES;
				GCC_WARN_ABOUT_RETURN_TYPE = YES_ERROR;
				GCC_WARN_UNDECLARED_SELECTOR = YES;
				GCC_WARN_UNINITIALIZED_AUTOS = YES_AGGRESSIVE;
				GCC_WARN_UNUSED_FUNCTION = YES;
				GCC_WARN_UNUSED_VARIABLE = YES;
				IPHONEOS_DEPLOYMENT_TARGET = 14.4;
				MTL_ENABLE_DEBUG_INFO = INCLUDE_SOURCE;
				MTL_FAST_MATH = YES;
				ONLY_ACTIVE_ARCH = YES;
				SDKROOT = iphoneos;
				SWIFT_ACTIVE_COMPILATION_CONDITIONS = DEBUG;
				SWIFT_OPTIMIZATION_LEVEL = "-Onone";
			};
			name = Debug;
		};
		EAAEA3EA26814A9B008A0A4A /* Release */ = {
			isa = XCBuildConfiguration;
			buildSettings = {
				ALWAYS_SEARCH_USER_PATHS = NO;
				CLANG_ANALYZER_NONNULL = YES;
				CLANG_ANALYZER_NUMBER_OBJECT_CONVERSION = YES_AGGRESSIVE;
				CLANG_CXX_LANGUAGE_STANDARD = "gnu++14";
				CLANG_CXX_LIBRARY = "libc++";
				CLANG_ENABLE_MODULES = YES;
				CLANG_ENABLE_OBJC_ARC = YES;
				CLANG_ENABLE_OBJC_WEAK = YES;
				CLANG_WARN_BLOCK_CAPTURE_AUTORELEASING = YES;
				CLANG_WARN_BOOL_CONVERSION = YES;
				CLANG_WARN_COMMA = YES;
				CLANG_WARN_CONSTANT_CONVERSION = YES;
				CLANG_WARN_DEPRECATED_OBJC_IMPLEMENTATIONS = YES;
				CLANG_WARN_DIRECT_OBJC_ISA_USAGE = YES_ERROR;
				CLANG_WARN_DOCUMENTATION_COMMENTS = YES;
				CLANG_WARN_EMPTY_BODY = YES;
				CLANG_WARN_ENUM_CONVERSION = YES;
				CLANG_WARN_INFINITE_RECURSION = YES;
				CLANG_WARN_INT_CONVERSION = YES;
				CLANG_WARN_NON_LITERAL_NULL_CONVERSION = YES;
				CLANG_WARN_OBJC_IMPLICIT_RETAIN_SELF = YES;
				CLANG_WARN_OBJC_LITERAL_CONVERSION = YES;
				CLANG_WARN_OBJC_ROOT_CLASS = YES_ERROR;
				CLANG_WARN_QUOTED_INCLUDE_IN_FRAMEWORK_HEADER = YES;
				CLANG_WARN_RANGE_LOOP_ANALYSIS = YES;
				CLANG_WARN_STRICT_PROTOTYPES = YES;
				CLANG_WARN_SUSPICIOUS_MOVE = YES;
				CLANG_WARN_UNGUARDED_AVAILABILITY = YES_AGGRESSIVE;
				CLANG_WARN_UNREACHABLE_CODE = YES;
				CLANG_WARN__DUPLICATE_METHOD_MATCH = YES;
				COPY_PHASE_STRIP = NO;
				DEBUG_INFORMATION_FORMAT = "dwarf-with-dsym";
				ENABLE_NS_ASSERTIONS = NO;
				ENABLE_STRICT_OBJC_MSGSEND = YES;
				GCC_C_LANGUAGE_STANDARD = gnu11;
				GCC_NO_COMMON_BLOCKS = YES;
				GCC_WARN_64_TO_32_BIT_CONVERSION = YES;
				GCC_WARN_ABOUT_RETURN_TYPE = YES_ERROR;
				GCC_WARN_UNDECLARED_SELECTOR = YES;
				GCC_WARN_UNINITIALIZED_AUTOS = YES_AGGRESSIVE;
				GCC_WARN_UNUSED_FUNCTION = YES;
				GCC_WARN_UNUSED_VARIABLE = YES;
				IPHONEOS_DEPLOYMENT_TARGET = 14.4;
				MTL_ENABLE_DEBUG_INFO = NO;
				MTL_FAST_MATH = YES;
				SDKROOT = iphoneos;
				SWIFT_COMPILATION_MODE = wholemodule;
				SWIFT_OPTIMIZATION_LEVEL = "-O";
				VALIDATE_PRODUCT = YES;
			};
			name = Release;
		};
		EAAEA3EC26814A9B008A0A4A /* Debug */ = {
			isa = XCBuildConfiguration;
			buildSettings = {
				ASSETCATALOG_COMPILER_APPICON_NAME = AppIcon;
				ASSETCATALOG_COMPILER_GLOBAL_ACCENT_COLOR_NAME = AccentColor;
				CODE_SIGN_STYLE = Automatic;
				INFOPLIST_FILE = Task9/Info.plist;
				LD_RUNPATH_SEARCH_PATHS = (
					"$(inherited)",
					"@executable_path/Frameworks",
				);
				PRODUCT_BUNDLE_IDENTIFIER = com.shen24qichen.Task9;
				PRODUCT_NAME = "$(TARGET_NAME)";
				SWIFT_VERSION = 5.0;
				TARGETED_DEVICE_FAMILY = "1,2";
			};
			name = Debug;
		};
		EAAEA3ED26814A9B008A0A4A /* Release */ = {
			isa = XCBuildConfiguration;
			buildSettings = {
				ASSETCATALOG_COMPILER_APPICON_NAME = AppIcon;
				ASSETCATALOG_COMPILER_GLOBAL_ACCENT_COLOR_NAME = AccentColor;
				CODE_SIGN_STYLE = Automatic;
				INFOPLIST_FILE = Task9/Info.plist;
				LD_RUNPATH_SEARCH_PATHS = (
					"$(inherited)",
					"@executable_path/Frameworks",
				);
				PRODUCT_BUNDLE_IDENTIFIER = com.shen24qichen.Task9;
				PRODUCT_NAME = "$(TARGET_NAME)";
				SWIFT_VERSION = 5.0;
				TARGETED_DEVICE_FAMILY = "1,2";
			};
			name = Release;
		};
/* End XCBuildConfiguration section */

/* Begin XCConfigurationList section */
		EAAEA3D226814A96008A0A4A /* Build configuration list for PBXProject "Task9" */ = {
			isa = XCConfigurationList;
			buildConfigurations = (
				EAAEA3E926814A9B008A0A4A /* Debug */,
				EAAEA3EA26814A9B008A0A4A /* Release */,
			);
			defaultConfigurationIsVisible = 0;
			defaultConfigurationName = Release;
		};
		EAAEA3EB26814A9B008A0A4A /* Build configuration list for PBXNativeTarget "Task9" */ = {
			isa = XCConfigurationList;
			buildConfigurations = (
				EAAEA3EC26814A9B008A0A4A /* Debug */,
				EAAEA3ED26814A9B008A0A4A /* Release */,
			);
			defaultConfigurationIsVisible = 0;
			defaultConfigurationName = Release;
		};
/* End XCConfigurationList section */
	};
	rootObject = EAAEA3CF26814A96008A0A4A /* Project object */;
}
